
Microsoft Visual Studio Solution File, Format Version 12.00
# Visual Studio 2013
VisualStudioVersion = 12.0.40629.0
MinimumVisualStudioVersion = 10.0.40219.1
Project("{FAE04EC0-301F-11D3-BF4B-00C04F79EFBC}") = "Arrays", "Arrays\Arrays.csproj", "{61FAEBA9-A9FF-40F9-B5B6-08B51A7564A6}"
EndProject
Project("{FAE04EC0-301F-11D3-BF4B-00C04F79EFBC}") = "WarmupChallenges", "WarmupChallenges\WarmupChallenges.csproj", "{DBAD09BC-77CF-498F-BA8F-9082FF199CDC}"
EndProject
Project("{FAE04EC0-301F-11D3-BF4B-00C04F79EFBC}") = "Sorting", "Sorting\Sorting.csproj", "{3CB8D367-9039-46A5-A800-29DBCD6D3D29}"
EndProject
Project("{FAE04EC0-301F-11D3-BF4B-00C04F79EFBC}") = "DynamicProgramming", "DynamicProgramming\DynamicProgramming.csproj", "{83A22F84-CCBD-48C6-A6C5-8B4A4CD606A0}"
EndProject
Project("{FAE04EC0-301F-11D3-BF4B-00C04F79EFBC}") = "Main", "Main\Main.csproj", "{F52BC783-7B1C-40E5-9EBA-5EA0C8BD20BD}"
EndProject
Global
	GlobalSection(SolutionConfigurationPlatforms) = preSolution
		Debug|Any CPU = Debug|Any CPU
		Release|Any CPU = Release|Any CPU
	EndGlobalSection
	GlobalSection(ProjectConfigurationPlatforms) = postSolution
		{61FAEBA9-A9FF-40F9-B5B6-08B51A7564A6}.Debug|Any CPU.ActiveCfg = Debug|Any CPU
		{61FAEBA9-A9FF-40F9-B5B6-08B51A7564A6}.Debug|Any CPU.Build.0 = Debug|Any CPU
		{61FAEBA9-A9FF-40F9-B5B6-08B51A7564A6}.Release|Any CPU.ActiveCfg = Release|Any CPU
		{61FAEBA9-A9FF-40F9-B5B6-08B51A7564A6}.Release|Any CPU.Build.0 = Release|Any CPU
		{DBAD09BC-77CF-498F-BA8F-9082FF199CDC}.Debug|Any CPU.ActiveCfg = Debug|Any CPU
		{DBAD09BC-77CF-498F-BA8F-9082FF199CDC}.Debug|Any CPU.Build.0 = Debug|Any CPU
		{DBAD09BC-77CF-498F-BA8F-9082FF199CDC}.Release|Any CPU.ActiveCfg = Release|Any CPU
		{DBAD09BC-77CF-498F-BA8F-9082FF199CDC}.Release|Any CPU.Build.0 = Release|Any CPU
		{3CB8D367-9039-46A5-A800-29DBCD6D3D29}.Debug|Any CPU.ActiveCfg = Debug|Any CPU
		{3CB8D367-9039-46A5-A800-29DBCD6D3D29}.Debug|Any CPU.Build.0 = Debug|Any CPU
		{3CB8D367-9039-46A5-A800-29DBCD6D3D29}.Release|Any CPU.ActiveCfg = Release|Any CPU
		{3CB8D367-9039-46A5-A800-29DBCD6D3D29}.Release|Any CPU.Build.0 = Release|Any CPU
		{83A22F84-CCBD-48C6-A6C5-8B4A4CD606A0}.Debug|Any CPU.ActiveCfg = Debug|Any CPU
		{83A22F84-CCBD-48C6-A6C5-8B4A4CD606A0}.Debug|Any CPU.Build.0 = Debug|Any CPU
		{83A22F84-CCBD-48C6-A6C5-8B4A4CD606A0}.Release|Any CPU.ActiveCfg = Release|Any CPU
		{83A22F84-CCBD-48C6-A6C5-8B4A4CD606A0}.Release|Any CPU.Build.0 = Release|Any CPU
		{F52BC783-7B1C-40E5-9EBA-5EA0C8BD20BD}.Debug|Any CPU.ActiveCfg = Debug|Any CPU
		{F52BC783-7B1C-40E5-9EBA-5EA0C8BD20BD}.Debug|Any CPU.Build.0 = Debug|Any CPU
		{F52BC783-7B1C-40E5-9EBA-5EA0C8BD20BD}.Release|Any CPU.ActiveCfg = Release|Any CPU
		{F52BC783-7B1C-40E5-9EBA-5EA0C8BD20BD}.Release|Any CPU.Build.0 = Release|Any CPU
	EndGlobalSection
	GlobalSection(SolutionProperties) = preSolution
		HideSolutionNode = FALSE
	EndGlobalSection
EndGlobal
